{
  "version": 4,
  "terraform_version": "1.14.2",
  "serial": 34,
  "lineage": "afac8a68-8e75-999a-141d-914ae02a4ad4",
  "outputs": {},
  "resources": [
    {
      "mode": "managed",
      "type": "google_cloud_run_v2_service",
      "name": "backend",
      "provider": "provider[\"registry.terraform.io/hashicorp/google\"]",
      "instances": [
        {
          "schema_version": 0,
          "attributes": {
            "annotations": {},
            "binary_authorization": [],
            "build_config": [],
            "client": "gcloud",
            "client_version": "549.0.1",
            "conditions": [
              {
                "execution_reason": "",
                "last_transition_time": "2025-12-21T19:27:19.595135Z",
                "message": "Revision 'econeura-backend-00064-76m' is not ready and cannot serve traffic. The user-provided container failed to start and listen on the port defined provided by the PORT=8080 environment variable within the allocated timeout. This can happen when the container port is misconfigured or if the timeout is too short. The health check timeout can be extended. Logs for this revision might contain more information.\n\nLogs URL: https://console.cloud.google.com/logs/viewer?project=econeura-109cc\u0026resource=cloud_run_revision/service_name/econeura-backend/revision_name/econeura-backend-00064-76m\u0026advancedFilter=resource.type%3D%22cloud_run_revision%22%0Aresource.labels.service_name%3D%22econeura-backend%22%0Aresource.labels.revision_name%3D%22econeura-backend-00064-76m%22 \nFor more troubleshooting guidance, see https://cloud.google.com/run/docs/troubleshooting#container-failed-to-start",
                "reason": "",
                "revision_reason": "HEALTH_CHECK_CONTAINER_ERROR",
                "severity": "",
                "state": "CONDITION_FAILED",
                "type": "RoutesReady"
              },
              {
                "execution_reason": "",
                "last_transition_time": "2025-12-21T19:27:20.525826Z",
                "message": "The user-provided container failed to start and listen on the port defined provided by the PORT=8080 environment variable within the allocated timeout. This can happen when the container port is misconfigured or if the timeout is too short. The health check timeout can be extended. Logs for this revision might contain more information.\n\nLogs URL: https://console.cloud.google.com/logs/viewer?project=econeura-109cc\u0026resource=cloud_run_revision/service_name/econeura-backend/revision_name/econeura-backend-00062-bv4\u0026advancedFilter=resource.type%3D%22cloud_run_revision%22%0Aresource.labels.service_name%3D%22econeura-backend%22%0Aresource.labels.revision_name%3D%22econeura-backend-00062-bv4%22 \nFor more troubleshooting guidance, see https://cloud.google.com/run/docs/troubleshooting#container-failed-to-start",
                "reason": "",
                "revision_reason": "RETIRED",
                "severity": "",
                "state": "CONDITION_SUCCEEDED",
                "type": "ConfigurationsReady"
              }
            ],
            "create_time": "2025-12-13T22:23:17.256335Z",
            "creator": "familiapanzardi@gmail.com",
            "custom_audiences": [],
            "default_uri_disabled": false,
            "delete_time": "",
            "deletion_protection": true,
            "description": "",
            "effective_annotations": {},
            "effective_labels": {
              "goog-terraform-provisioned": "true"
            },
            "etag": "\"CJGUocoGEKir5l4/cHJvamVjdHMvZWNvbmV1cmEtMTA5Y2MvbG9jYXRpb25zL3VzLWNlbnRyYWwxL3NlcnZpY2VzL2Vjb25ldXJhLWJhY2tlbmQ\"",
            "expire_time": "",
            "generation": "68",
            "id": "projects/econeura-109cc/locations/us-central1/services/econeura-backend",
            "ingress": "INGRESS_TRAFFIC_ALL",
            "invoker_iam_disabled": false,
            "labels": {},
            "last_modifier": "familiapanzardi@gmail.com",
            "latest_created_revision": "projects/econeura-109cc/locations/us-central1/services/econeura-backend/revisions/econeura-backend-00064-76m",
            "latest_ready_revision": "projects/econeura-109cc/locations/us-central1/services/econeura-backend/revisions/econeura-backend-00017-q4q",
            "launch_stage": "GA",
            "location": "us-central1",
            "multi_region_settings": [],
            "name": "econeura-backend",
            "observed_generation": "68",
            "project": "econeura-109cc",
            "reconciling": false,
            "scaling": [],
            "template": [
              {
                "annotations": {},
                "containers": [
                  {
                    "args": [],
                    "base_image_uri": "",
                    "build_info": [],
                    "command": [],
                    "depends_on": [],
                    "env": [
                      {
                        "name": "DB_HOST",
                        "value": "/cloudsql/econeura-109cc:us-central1:econeura-prod-db",
                        "value_source": []
                      },
                      {
                        "name": "DB_NAME",
                        "value": "econeura",
                        "value_source": []
                      },
                      {
                        "name": "DB_PASSWORD",
                        "value": "changeme123",
                        "value_source": []
                      },
                      {
                        "name": "DB_USER",
                        "value": "postgres",
                        "value_source": []
                      },
                      {
                        "name": "INSTANCE_CONNECTION_NAME",
                        "value": "econeura-109cc:us-central1:econeura-prod-db",
                        "value_source": []
                      }
                    ],
                    "image": "us-central1-docker.pkg.dev/econeura-109cc/cloud-run-source-deploy/econeura-backend@sha256:80df001049879a2fe071131a3993092bf1c8c965cad8df4a9a400865e9549372",
                    "liveness_probe": [],
                    "name": "",
                    "ports": [
                      {
                        "container_port": 8080,
                        "name": "http1"
                      }
                    ],
                    "resources": [
                      {
                        "cpu_idle": true,
                        "limits": {
                          "cpu": "1000m",
                          "memory": "512Mi"
                        },
                        "startup_cpu_boost": false
                      }
                    ],
                    "startup_probe": [
                      {
                        "failure_threshold": 1,
                        "grpc": [],
                        "http_get": [],
                        "initial_delay_seconds": 0,
                        "period_seconds": 240,
                        "tcp_socket": [
                          {
                            "port": 8080
                          }
                        ],
                        "timeout_seconds": 240
                      }
                    ],
                    "volume_mounts": [
                      {
                        "mount_path": "/cloudsql",
                        "name": "cloudsql",
                        "sub_path": ""
                      }
                    ],
                    "working_dir": ""
                  }
                ],
                "encryption_key": "",
                "execution_environment": "",
                "gpu_zonal_redundancy_disabled": false,
                "health_check_disabled": false,
                "labels": {},
                "max_instance_request_concurrency": 80,
                "node_selector": [],
                "revision": "",
                "scaling": [
                  {
                    "max_instance_count": 12,
                    "min_instance_count": 0
                  }
                ],
                "service_account": "358634200570-compute@developer.gserviceaccount.com",
                "session_affinity": false,
                "timeout": "300s",
                "volumes": [
                  {
                    "cloud_sql_instance": [
                      {
                        "instances": [
                          "econeura-109cc:us-central1:econeura-prod-db"
                        ]
                      }
                    ],
                    "empty_dir": [],
                    "gcs": [],
                    "name": "cloudsql",
                    "nfs": [],
                    "secret": []
                  }
                ],
                "vpc_access": []
              }
            ],
            "terminal_condition": [
              {
                "execution_reason": "",
                "last_transition_time": "2025-12-21T19:27:19.595135Z",
                "message": "Revision 'econeura-backend-00064-76m' is not ready and cannot serve traffic. The user-provided container failed to start and listen on the port defined provided by the PORT=8080 environment variable within the allocated timeout. This can happen when the container port is misconfigured or if the timeout is too short. The health check timeout can be extended. Logs for this revision might contain more information.\n\nLogs URL: https://console.cloud.google.com/logs/viewer?project=econeura-109cc\u0026resource=cloud_run_revision/service_name/econeura-backend/revision_name/econeura-backend-00064-76m\u0026advancedFilter=resource.type%3D%22cloud_run_revision%22%0Aresource.labels.service_name%3D%22econeura-backend%22%0Aresource.labels.revision_name%3D%22econeura-backend-00064-76m%22 \nFor more troubleshooting guidance, see https://cloud.google.com/run/docs/troubleshooting#container-failed-to-start",
                "reason": "",
                "revision_reason": "HEALTH_CHECK_CONTAINER_ERROR",
                "severity": "",
                "state": "CONDITION_FAILED",
                "type": "Ready"
              }
            ],
            "terraform_labels": {
              "goog-terraform-provisioned": "true"
            },
            "timeouts": null,
            "traffic": [
              {
                "percent": 100,
                "revision": "",
                "tag": "",
                "type": "TRAFFIC_TARGET_ALLOCATION_TYPE_LATEST"
              }
            ],
            "traffic_statuses": [
              {
                "percent": 100,
                "revision": "",
                "tag": "",
                "type": "TRAFFIC_TARGET_ALLOCATION_TYPE_LATEST",
                "uri": ""
              }
            ],
            "uid": "63ca55c0-64b6-42fb-8fd4-e9969f4c98f5",
            "update_time": "2025-12-21T19:27:13.198809Z",
            "uri": "https://econeura-backend-oayfxzbhlq-uc.a.run.app",
            "urls": [
              "https://econeura-backend-358634200570.us-central1.run.app",
              "https://econeura-backend-oayfxzbhlq-uc.a.run.app"
            ]
          },
          "sensitive_attributes": [
            [
              {
                "type": "get_attr",
                "value": "template"
              },
              {
                "type": "index",
                "value": {
                  "value": 0,
                  "type": "number"
                }
              },
              {
                "type": "get_attr",
                "value": "containers"
              },
              {
                "type": "index",
                "value": {
                  "value": 0,
                  "type": "number"
                }
              },
              {
                "type": "get_attr",
                "value": "env"
              }
            ]
          ],
          "identity_schema_version": 0,
          "private": "eyJlMmJmYjczMC1lY2FhLTExZTYtOGY4OC0zNDM2M2JjN2M0YzAiOnsiY3JlYXRlIjoxMjAwMDAwMDAwMDAwLCJkZWxldGUiOjEyMDAwMDAwMDAwMDAsInVwZGF0ZSI6MTIwMDAwMDAwMDAwMH19",
          "dependencies": [
            "google_sql_database.db",
            "google_sql_database_instance.master",
            "google_sql_user.u"
          ]
        }
      ]
    },
    {
      "mode": "managed",
      "type": "google_cloud_run_v2_service_iam_member",
      "name": "noauth",
      "provider": "provider[\"registry.terraform.io/hashicorp/google\"]",
      "instances": [
        {
          "schema_version": 0,
          "attributes": {
            "condition": [],
            "etag": "BwZGYtAABHE=",
            "id": "projects/econeura-109cc/locations/us-central1/services/econeura-backend/roles/run.invoker/allUsers",
            "location": "us-central1",
            "member": "allUsers",
            "name": "projects/econeura-109cc/locations/us-central1/services/econeura-backend",
            "project": "econeura-109cc",
            "role": "roles/run.invoker"
          },
          "sensitive_attributes": [],
          "identity_schema_version": 0,
          "private": "bnVsbA==",
          "dependencies": [
            "google_cloud_run_v2_service.backend",
            "google_sql_database.db",
            "google_sql_database_instance.master",
            "google_sql_user.u"
          ]
        }
      ]
    },
    {
      "mode": "managed",
      "type": "google_project_service",
      "name": "apis",
      "provider": "provider[\"registry.terraform.io/hashicorp/google\"]",
      "instances": [
        {
          "index_key": "artifactregistry.googleapis.com",
          "schema_version": 0,
          "attributes": {
            "disable_dependent_services": null,
            "disable_on_destroy": false,
            "id": "econeura-109cc/artifactregistry.googleapis.com",
            "project": "econeura-109cc",
            "service": "artifactregistry.googleapis.com",
            "timeouts": null
          },
          "sensitive_attributes": [],
          "identity_schema_version": 0,
          "private": "eyJlMmJmYjczMC1lY2FhLTExZTYtOGY4OC0zNDM2M2JjN2M0YzAiOnsiY3JlYXRlIjoxMjAwMDAwMDAwMDAwLCJkZWxldGUiOjEyMDAwMDAwMDAwMDAsInJlYWQiOjYwMDAwMDAwMDAwMCwidXBkYXRlIjoxMjAwMDAwMDAwMDAwfX0="
        },
        {
          "index_key": "compute.googleapis.com",
          "schema_version": 0,
          "attributes": {
            "disable_dependent_services": null,
            "disable_on_destroy": false,
            "id": "econeura-109cc/compute.googleapis.com",
            "project": "econeura-109cc",
            "service": "compute.googleapis.com",
            "timeouts": null
          },
          "sensitive_attributes": [],
          "identity_schema_version": 0,
          "private": "eyJlMmJmYjczMC1lY2FhLTExZTYtOGY4OC0zNDM2M2JjN2M0YzAiOnsiY3JlYXRlIjoxMjAwMDAwMDAwMDAwLCJkZWxldGUiOjEyMDAwMDAwMDAwMDAsInJlYWQiOjYwMDAwMDAwMDAwMCwidXBkYXRlIjoxMjAwMDAwMDAwMDAwfX0="
        },
        {
          "index_key": "run.googleapis.com",
          "schema_version": 0,
          "attributes": {
            "disable_dependent_services": null,
            "disable_on_destroy": false,
            "id": "econeura-109cc/run.googleapis.com",
            "project": "econeura-109cc",
            "service": "run.googleapis.com",
            "timeouts": null
          },
          "sensitive_attributes": [],
          "identity_schema_version": 0,
          "private": "eyJlMmJmYjczMC1lY2FhLTExZTYtOGY4OC0zNDM2M2JjN2M0YzAiOnsiY3JlYXRlIjoxMjAwMDAwMDAwMDAwLCJkZWxldGUiOjEyMDAwMDAwMDAwMDAsInJlYWQiOjYwMDAwMDAwMDAwMCwidXBkYXRlIjoxMjAwMDAwMDAwMDAwfX0="
        },
        {
          "index_key": "secretmanager.googleapis.com",
          "schema_version": 0,
          "attributes": {
            "disable_dependent_services": null,
            "disable_on_destroy": false,
            "id": "econeura-109cc/secretmanager.googleapis.com",
            "project": "econeura-109cc",
            "service": "secretmanager.googleapis.com",
            "timeouts": null
          },
          "sensitive_attributes": [],
          "identity_schema_version": 0,
          "private": "eyJlMmJmYjczMC1lY2FhLTExZTYtOGY4OC0zNDM2M2JjN2M0YzAiOnsiY3JlYXRlIjoxMjAwMDAwMDAwMDAwLCJkZWxldGUiOjEyMDAwMDAwMDAwMDAsInJlYWQiOjYwMDAwMDAwMDAwMCwidXBkYXRlIjoxMjAwMDAwMDAwMDAwfX0="
        },
        {
          "index_key": "servicenetworking.googleapis.com",
          "schema_version": 0,
          "attributes": {
            "disable_dependent_services": null,
            "disable_on_destroy": false,
            "id": "econeura-109cc/servicenetworking.googleapis.com",
            "project": "econeura-109cc",
            "service": "servicenetworking.googleapis.com",
            "timeouts": null
          },
          "sensitive_attributes": [],
          "identity_schema_version": 0,
          "private": "eyJlMmJmYjczMC1lY2FhLTExZTYtOGY4OC0zNDM2M2JjN2M0YzAiOnsiY3JlYXRlIjoxMjAwMDAwMDAwMDAwLCJkZWxldGUiOjEyMDAwMDAwMDAwMDAsInJlYWQiOjYwMDAwMDAwMDAwMCwidXBkYXRlIjoxMjAwMDAwMDAwMDAwfX0="
        },
        {
          "index_key": "sqladmin.googleapis.com",
          "schema_version": 0,
          "attributes": {
            "disable_dependent_services": null,
            "disable_on_destroy": false,
            "id": "econeura-109cc/sqladmin.googleapis.com",
            "project": "econeura-109cc",
            "service": "sqladmin.googleapis.com",
            "timeouts": null
          },
          "sensitive_attributes": [],
          "identity_schema_version": 0,
          "private": "eyJlMmJmYjczMC1lY2FhLTExZTYtOGY4OC0zNDM2M2JjN2M0YzAiOnsiY3JlYXRlIjoxMjAwMDAwMDAwMDAwLCJkZWxldGUiOjEyMDAwMDAwMDAwMDAsInJlYWQiOjYwMDAwMDAwMDAwMCwidXBkYXRlIjoxMjAwMDAwMDAwMDAwfX0="
        }
      ]
    },
    {
      "mode": "managed",
      "type": "google_sql_database",
      "name": "db",
      "provider": "provider[\"registry.terraform.io/hashicorp/google\"]",
      "instances": [
        {
          "schema_version": 0,
          "attributes": {
            "charset": "UTF8",
            "collation": "en_US.UTF8",
            "deletion_policy": "DELETE",
            "id": "projects/econeura-109cc/instances/econeura-prod-db/databases/econeura",
            "instance": "econeura-prod-db",
            "name": "econeura",
            "project": "econeura-109cc",
            "self_link": "https://sqladmin.googleapis.com/sql/v1beta4/projects/econeura-109cc/instances/econeura-prod-db/databases/econeura",
            "timeouts": null
          },
          "sensitive_attributes": [],
          "identity_schema_version": 0,
          "private": "eyJlMmJmYjczMC1lY2FhLTExZTYtOGY4OC0zNDM2M2JjN2M0YzAiOnsiY3JlYXRlIjoxMjAwMDAwMDAwMDAwLCJkZWxldGUiOjEyMDAwMDAwMDAwMDAsInVwZGF0ZSI6MTIwMDAwMDAwMDAwMH19",
          "dependencies": [
            "google_sql_database_instance.master"
          ]
        }
      ]
    },
    {
      "mode": "managed",
      "type": "google_sql_database_instance",
      "name": "master",
      "provider": "provider[\"registry.terraform.io/hashicorp/google\"]",
      "instances": [
        {
          "schema_version": 0,
          "attributes": {
            "available_maintenance_versions": [],
            "backupdr_backup": null,
            "clone": [],
            "connection_name": "econeura-109cc:us-central1:econeura-prod-db",
            "database_version": "POSTGRES_15",
            "deletion_protection": false,
            "dns_name": "",
            "dns_names": [],
            "encryption_key_name": null,
            "final_backup_description": null,
            "first_ip_address": "136.116.247.32",
            "id": "econeura-prod-db",
            "instance_type": "CLOUD_SQL_INSTANCE",
            "ip_address": [
              {
                "ip_address": "136.116.247.32",
                "time_to_retire": "",
                "type": "PRIMARY"
              },
              {
                "ip_address": "34.72.142.158",
                "time_to_retire": "",
                "type": "OUTGOING"
              }
            ],
            "maintenance_version": "POSTGRES_15_15.R20251004.01_26",
            "master_instance_name": "",
            "name": "econeura-prod-db",
            "node_count": 0,
            "point_in_time_restore_context": [],
            "private_ip_address": "",
            "project": "econeura-109cc",
            "psc_service_attachment_link": "",
            "public_ip_address": "136.116.247.32",
            "region": "us-central1",
            "replica_configuration": [],
            "replica_names": [],
            "replication_cluster": [
              {
                "dr_replica": false,
                "failover_dr_replica_name": "",
                "psa_write_endpoint": ""
              }
            ],
            "restore_backup_context": [],
            "root_password": null,
            "root_password_wo": null,
            "root_password_wo_version": null,
            "self_link": "https://sqladmin.googleapis.com/sql/v1beta4/projects/econeura-109cc/instances/econeura-prod-db",
            "server_ca_cert": [
              {
                "cert": "-----BEGIN CERTIFICATE-----\nMIIDfzCCAmegAwIBAgIBADANBgkqhkiG9w0BAQsFADB3MS0wKwYDVQQuEyQ5YjYz\nNDEzZi0xOTliLTQ2NDAtOTM1MC03ZjlkYTU5ODU4NGMxIzAhBgNVBAMTGkdvb2ds\nZSBDbG91ZCBTUUwgU2VydmVyIENBMRQwEgYDVQQKEwtHb29nbGUsIEluYzELMAkG\nA1UEBhMCVVMwHhcNMjUxMjEzMjIxMjEzWhcNMzUxMjExMjIxMzEzWjB3MS0wKwYD\nVQQuEyQ5YjYzNDEzZi0xOTliLTQ2NDAtOTM1MC03ZjlkYTU5ODU4NGMxIzAhBgNV\nBAMTGkdvb2dsZSBDbG91ZCBTUUwgU2VydmVyIENBMRQwEgYDVQQKEwtHb29nbGUs\nIEluYzELMAkGA1UEBhMCVVMwggEiMA0GCSqGSIb3DQEBAQUAA4IBDwAwggEKAoIB\nAQDGk7C4nL4+v0LHe9cykMInZkjH/nLqZnByw2MK8ofXe+GVUbWulwp2brouwPxt\n0Bu0wlRR04picKa8sYc3dyST+UmJcIjbFUYh0dI6Xbs5LLyobR8EZQjrRepdn+hD\nbixSvC4RbMNPv0W3Hs9T0UBT9RcX1WPNA8itH3o+/+cw/fwvG/ZA0DlKRTznu2Ux\n3/Ko6LtA583K8uPpgaULmwz9EPNgXPWmYg8vUt7XcJRO1ZEOlfF+8p+T/9wGtaj3\nWlZ+kXXndmGZ6zQD2bUFmxG1nkYB8AQ0BiUZ8s+L621ZH/RHmemlKVEd4c7zY9dV\nxSm65SX8px77RagGVm06LbWHAgMBAAGjFjAUMBIGA1UdEwEB/wQIMAYBAf8CAQAw\nDQYJKoZIhvcNAQELBQADggEBAKjyje6LeSTLZpjvgzeUaCrT5CkDtmOS4bnjHJ2S\nfuqOW8m90JWhQ6mqPCTBHB67Usi5+r3N3zF7lmp300L6b7/zDqcauer9zBRJzUkG\nav20nfML/0GCCiIqcA/vzEPr/td6yFkeT+oKqFntsu3peo542tGgrpp8+0hND2kG\nrafSbCsBur6BZqTzUvCxVH8Whg/3J8fORWWROauYEYDDI8HTzIk828RcwWo02UVT\nookzOvlGtvMn1nSZACtxb7aVd0kG6Hr0fP98rRcbFZyBBUTjzXjoijVFfSjJuM9h\nFBWpO4RlvwcveC0RgBX5qto9ZNKjtoOjVgiaEiWK45xsxdw=\n-----END CERTIFICATE-----",
                "common_name": "C=US,O=Google\\, Inc,CN=Google Cloud SQL Server CA,dnQualifier=9b63413f-199b-4640-9350-7f9da598584c",
                "create_time": "2025-12-13T22:12:13.518Z",
                "expiration_time": "2035-12-11T22:13:13.518Z",
                "sha1_fingerprint": "694dd893bf4a9da71dc74d06404ce111f9fe62a8"
              }
            ],
            "service_account_email_address": "p358634200570-iy8on0@gcp-sa-cloud-sql.iam.gserviceaccount.com",
            "settings": [
              {
                "activation_policy": "ALWAYS",
                "active_directory_config": [],
                "advanced_machine_features": [],
                "availability_type": "ZONAL",
                "backup_configuration": [
                  {
                    "backup_retention_settings": [
                      {
                        "retained_backups": 7,
                        "retention_unit": "COUNT"
                      }
                    ],
                    "binary_log_enabled": false,
                    "enabled": false,
                    "location": "",
                    "point_in_time_recovery_enabled": false,
                    "start_time": "09:00",
                    "transaction_log_retention_days": 7
                  }
                ],
                "collation": "",
                "connection_pool_config": [],
                "connector_enforcement": "NOT_REQUIRED",
                "data_cache_config": [
                  {
                    "data_cache_enabled": false
                  }
                ],
                "database_flags": [],
                "deletion_protection_enabled": false,
                "deny_maintenance_period": [],
                "disk_autoresize": true,
                "disk_autoresize_limit": 0,
                "disk_size": 10,
                "disk_type": "PD_SSD",
                "edition": "ENTERPRISE",
                "effective_availability_type": "ZONAL",
                "enable_dataplex_integration": false,
                "enable_google_ml_integration": false,
                "final_backup_config": [],
                "insights_config": [],
                "ip_configuration": [
                  {
                    "allocated_ip_range": "",
                    "authorized_networks": [],
                    "custom_subject_alternative_names": [],
                    "enable_private_path_for_google_cloud_services": false,
                    "ipv4_enabled": true,
                    "private_network": "",
                    "psc_config": [],
                    "server_ca_mode": "GOOGLE_MANAGED_INTERNAL_CA",
                    "server_ca_pool": "",
                    "ssl_mode": "ALLOW_UNENCRYPTED_AND_ENCRYPTED"
                  }
                ],
                "location_preference": [
                  {
                    "follow_gae_application": "",
                    "secondary_zone": "",
                    "zone": "us-central1-c"
                  }
                ],
                "maintenance_window": [],
                "password_validation_policy": [],
                "pricing_plan": "PER_USE",
                "read_pool_auto_scale_config": [
                  {
                    "disable_scale_in": false,
                    "enabled": false,
                    "max_node_count": 0,
                    "min_node_count": 0,
                    "scale_in_cooldown_seconds": 0,
                    "scale_out_cooldown_seconds": 0,
                    "target_metrics": []
                  }
                ],
                "retain_backups_on_delete": false,
                "sql_server_audit_config": [],
                "tier": "db-f1-micro",
                "time_zone": "",
                "user_labels": {},
                "version": 15
              }
            ],
            "timeouts": null
          },
          "sensitive_attributes": [
            [
              {
                "type": "get_attr",
                "value": "root_password"
              }
            ],
            [
              {
                "type": "get_attr",
                "value": "server_ca_cert"
              }
            ]
          ],
          "identity_schema_version": 0,
          "private": "eyJlMmJmYjczMC1lY2FhLTExZTYtOGY4OC0zNDM2M2JjN2M0YzAiOnsiY3JlYXRlIjo1NDAwMDAwMDAwMDAwLCJkZWxldGUiOjU0MDAwMDAwMDAwMDAsInVwZGF0ZSI6NTQwMDAwMDAwMDAwMH19"
        }
      ]
    },
    {
      "mode": "managed",
      "type": "google_sql_user",
      "name": "u",
      "provider": "provider[\"registry.terraform.io/hashicorp/google\"]",
      "instances": [
        {
          "schema_version": 1,
          "attributes": {
            "deletion_policy": null,
            "host": "",
            "id": "postgres//econeura-prod-db",
            "instance": "econeura-prod-db",
            "name": "postgres",
            "password": "changeme123",
            "password_policy": [],
            "password_wo": null,
            "password_wo_version": null,
            "project": "econeura-109cc",
            "sql_server_user_details": [],
            "timeouts": null,
            "type": ""
          },
          "sensitive_attributes": [
            [
              {
                "type": "get_attr",
                "value": "password"
              }
            ]
          ],
          "identity_schema_version": 0,
          "private": "eyJlMmJmYjczMC1lY2FhLTExZTYtOGY4OC0zNDM2M2JjN2M0YzAiOnsiY3JlYXRlIjo2MDAwMDAwMDAwMDAsImRlbGV0ZSI6NjAwMDAwMDAwMDAwLCJ1cGRhdGUiOjYwMDAwMDAwMDAwMH0sInNjaGVtYV92ZXJzaW9uIjoiMSJ9",
          "dependencies": [
            "google_sql_database_instance.master"
          ]
        }
      ]
    }
  ],
  "check_results": null
}
